
Microsoft Visual Studio Solution File, Format Version 12.00
# Visual Studio 2013
VisualStudioVersion = 12.0.21005.1
MinimumVisualStudioVersion = 10.0.40219.1
Project("{888888A0-9F3D-457C-B088-3A5042F75D52}") = "tic_tac_toe", "tic_tac_toe.pyproj", "{FD05A479-F0D6-419C-B8C4-0E94E9B7A965}"
EndProject
Global
	GlobalSection(SolutionConfigurationPlatforms) = preSolution
		Debug|Any CPU = Debug|Any CPU
		Release|Any CPU = Release|Any CPU
	EndGlobalSection
	GlobalSection(ProjectConfigurationPlatforms) = postSolution
		{FD05A479-F0D6-419C-B8C4-0E94E9B7A965}.Debug|Any CPU.ActiveCfg = Debug|Any CPU
		{FD05A479-F0D6-419C-B8C4-0E94E9B7A965}.Debug|Any CPU.Build.0 = Debug|Any CPU
		{FD05A479-F0D6-419C-B8C4-0E94E9B7A965}.Release|Any CPU.ActiveCfg = Release|Any CPU
		{FD05A479-F0D6-419C-B8C4-0E94E9B7A965}.Release|Any CPU.Build.0 = Release|Any CPU
	EndGlobalSection
	GlobalSection(SolutionProperties) = preSolution
		HideSolutionNode = FALSE
	EndGlobalSection
EndGlobal
